
Microsoft Visual Studio Solution File, Format Version 12.00
# Visual Studio 15
VisualStudioVersion = 15.0.28307.168
MinimumVisualStudioVersion = 10.0.40219.1
Project("{FAE04EC0-301F-11D3-BF4B-00C04F79EFBC}") = "ScriptCSharp", "ScriptCSharp\ScriptCSharp.csproj", "{DFEF2030-F0BF-4F63-B55F-358B9C8DB5ED}"
EndProject
Project("{2150E333-8FDC-42A3-9474-1A3956D46DE8}") = "Solution", "Solution", "{502CB88A-4712-4627-A212-8D6442538049}"
	ProjectSection(SolutionItems) = preProject
		ScriptPython\Source\eaBasic1.py = ScriptPython\Source\eaBasic1.py
		ScriptPython\Source\eaBasic2.py = ScriptPython\Source\eaBasic2.py
		ScriptPython\Source\eacodes.py = ScriptPython\Source\eacodes.py
		README.md = README.md
		ScriptDotNet.eap = ScriptDotNet.eap
	EndProjectSection
EndProject
Project("{FAE04EC0-301F-11D3-BF4B-00C04F79EFBC}") = "ScriptCSharpLinq", "ScriptCSharpLinq\ScriptCSharpLinq.csproj", "{8E6EDD9F-88F0-4201-88D9-371B41279BD8}"
EndProject
Project("{2150E333-8FDC-42A3-9474-1A3956D46DE8}") = "ScriptJava", "ScriptJava", "{B84F63D9-77A3-4E77-B8B3-576DF85134CB}"
EndProject
Project("{2150E333-8FDC-42A3-9474-1A3956D46DE8}") = "Scripts", "Scripts", "{9B53FD13-C71B-4A4D-A9BB-0E49753F2C34}"
	ProjectSection(SolutionItems) = preProject
		ScriptJava\Scripts\DeployJava.bat = ScriptJava\Scripts\DeployJava.bat
		ScriptJava\Scripts\SetEnvProductive.bat = ScriptJava\Scripts\SetEnvProductive.bat
	EndProjectSection
EndProject
Project("{2150E333-8FDC-42A3-9474-1A3956D46DE8}") = "bin", "bin", "{8273B515-CFA9-4029-A15F-B5683AA6A6BD}"
EndProject
Project("{2150E333-8FDC-42A3-9474-1A3956D46DE8}") = "release", "release", "{224F2A3F-8840-482D-A33B-5E7A2D0949F9}"
	ProjectSection(SolutionItems) = preProject
		ScriptJava\bin\release\eaapi.jar = ScriptJava\bin\release\eaapi.jar
		ScriptJava\bin\release\SparxSystems\RepositoryInterface.class = ScriptJava\bin\release\SparxSystems\RepositoryInterface.class
		ScriptJava\bin\release\SparxSystems\RepositoryInterface.java = ScriptJava\bin\release\SparxSystems\RepositoryInterface.java
		ScriptJava\bin\release\SSJavaCOM.dll = ScriptJava\bin\release\SSJavaCOM.dll
	EndProjectSection
EndProject
Project("{2150E333-8FDC-42A3-9474-1A3956D46DE8}") = "SparxSystems", "SparxSystems", "{0E613DAD-480E-493C-8FAD-B68174B02E18}"
	ProjectSection(SolutionItems) = preProject
		ScriptJava\bin\release\SparxSystems\RepositoryInterface.class = ScriptJava\bin\release\SparxSystems\RepositoryInterface.class
		ScriptJava\bin\release\SparxSystems\RepositoryInterface.java = ScriptJava\bin\release\SparxSystems\RepositoryInterface.java
	EndProjectSection
EndProject
Project("{2150E333-8FDC-42A3-9474-1A3956D46DE8}") = "source", "source", "{D9E80798-4893-40B3-8F17-C863C92EEC26}"
	ProjectSection(SolutionItems) = preProject
		ScriptJava\Source\RepositoryInterface.java = ScriptJava\Source\RepositoryInterface.java
	EndProjectSection
EndProject
Project("{2150E333-8FDC-42A3-9474-1A3956D46DE8}") = "EA", "EA", "{9EC41E5F-D96E-4FCA-8D0F-C3115F691D24}"
EndProject
Project("{2150E333-8FDC-42A3-9474-1A3956D46DE8}") = "VBScript", "VBScript", "{9C3A4AEA-3E17-4230-9719-33E9C0D21B4C}"
	ProjectSection(SolutionItems) = preProject
		ScriptJava\EA\AutomationScripts.xml = ScriptJava\EA\AutomationScripts.xml
		ScriptJava\EA\Java.vbs = ScriptJava\EA\Java.vbs
		ScriptJava\EA\RunCommandVb.vbs = ScriptJava\EA\RunCommandVb.vbs
	EndProjectSection
EndProject
Project("{2150E333-8FDC-42A3-9474-1A3956D46DE8}") = "ScriptPython", "ScriptPython", "{A3C7BD30-A9EA-42F8-8880-1F37A86D6776}"
EndProject
Project("{2150E333-8FDC-42A3-9474-1A3956D46DE8}") = "Source", "Source", "{41B98168-55DC-4232-83C6-54841A5E15CC}"
	ProjectSection(SolutionItems) = preProject
		ScriptPython\Source\eaBasic1.py = ScriptPython\Source\eaBasic1.py
		ScriptPython\Source\eaBasic2.py = ScriptPython\Source\eaBasic2.py
		ScriptPython\Source\eacodes.py = ScriptPython\Source\eacodes.py
	EndProjectSection
EndProject
Project("{2150E333-8FDC-42A3-9474-1A3956D46DE8}") = "Scripts", "Scripts", "{D977F12E-7E0D-46C8-9F7B-612968C45DE5}"
	ProjectSection(SolutionItems) = preProject
		ScriptPython\Scripts\RunPythonBasic1.vbs = ScriptPython\Scripts\RunPythonBasic1.vbs
		ScriptPython\Scripts\RunPythonBasic2.vbs = ScriptPython\Scripts\RunPythonBasic2.vbs
		ScriptPython\Scripts\SetEnvProductive.bat = ScriptPython\Scripts\SetEnvProductive.bat
	EndProjectSection
EndProject
Global
	GlobalSection(SolutionConfigurationPlatforms) = preSolution
		Debug|Any CPU = Debug|Any CPU
		Debug|x86 = Debug|x86
		Release|Any CPU = Release|Any CPU
		Release|x86 = Release|x86
	EndGlobalSection
	GlobalSection(ProjectConfigurationPlatforms) = postSolution
		{DFEF2030-F0BF-4F63-B55F-358B9C8DB5ED}.Debug|Any CPU.ActiveCfg = Debug|Any CPU
		{DFEF2030-F0BF-4F63-B55F-358B9C8DB5ED}.Debug|Any CPU.Build.0 = Debug|Any CPU
		{DFEF2030-F0BF-4F63-B55F-358B9C8DB5ED}.Debug|x86.ActiveCfg = Debug|x86
		{DFEF2030-F0BF-4F63-B55F-358B9C8DB5ED}.Debug|x86.Build.0 = Debug|x86
		{DFEF2030-F0BF-4F63-B55F-358B9C8DB5ED}.Release|Any CPU.ActiveCfg = Release|Any CPU
		{DFEF2030-F0BF-4F63-B55F-358B9C8DB5ED}.Release|Any CPU.Build.0 = Release|Any CPU
		{DFEF2030-F0BF-4F63-B55F-358B9C8DB5ED}.Release|x86.ActiveCfg = Release|x86
		{DFEF2030-F0BF-4F63-B55F-358B9C8DB5ED}.Release|x86.Build.0 = Release|x86
		{8E6EDD9F-88F0-4201-88D9-371B41279BD8}.Debug|Any CPU.ActiveCfg = Debug|Any CPU
		{8E6EDD9F-88F0-4201-88D9-371B41279BD8}.Debug|Any CPU.Build.0 = Debug|Any CPU
		{8E6EDD9F-88F0-4201-88D9-371B41279BD8}.Debug|x86.ActiveCfg = Debug|x86
		{8E6EDD9F-88F0-4201-88D9-371B41279BD8}.Debug|x86.Build.0 = Debug|x86
		{8E6EDD9F-88F0-4201-88D9-371B41279BD8}.Release|Any CPU.ActiveCfg = Release|Any CPU
		{8E6EDD9F-88F0-4201-88D9-371B41279BD8}.Release|Any CPU.Build.0 = Release|Any CPU
		{8E6EDD9F-88F0-4201-88D9-371B41279BD8}.Release|x86.ActiveCfg = Release|x86
		{8E6EDD9F-88F0-4201-88D9-371B41279BD8}.Release|x86.Build.0 = Release|x86
	EndGlobalSection
	GlobalSection(SolutionProperties) = preSolution
		HideSolutionNode = FALSE
	EndGlobalSection
	GlobalSection(NestedProjects) = preSolution
		{B84F63D9-77A3-4E77-B8B3-576DF85134CB} = {502CB88A-4712-4627-A212-8D6442538049}
		{9B53FD13-C71B-4A4D-A9BB-0E49753F2C34} = {B84F63D9-77A3-4E77-B8B3-576DF85134CB}
		{8273B515-CFA9-4029-A15F-B5683AA6A6BD} = {B84F63D9-77A3-4E77-B8B3-576DF85134CB}
		{224F2A3F-8840-482D-A33B-5E7A2D0949F9} = {8273B515-CFA9-4029-A15F-B5683AA6A6BD}
		{0E613DAD-480E-493C-8FAD-B68174B02E18} = {224F2A3F-8840-482D-A33B-5E7A2D0949F9}
		{D9E80798-4893-40B3-8F17-C863C92EEC26} = {B84F63D9-77A3-4E77-B8B3-576DF85134CB}
		{9EC41E5F-D96E-4FCA-8D0F-C3115F691D24} = {B84F63D9-77A3-4E77-B8B3-576DF85134CB}
		{9C3A4AEA-3E17-4230-9719-33E9C0D21B4C} = {9EC41E5F-D96E-4FCA-8D0F-C3115F691D24}
		{A3C7BD30-A9EA-42F8-8880-1F37A86D6776} = {502CB88A-4712-4627-A212-8D6442538049}
		{41B98168-55DC-4232-83C6-54841A5E15CC} = {A3C7BD30-A9EA-42F8-8880-1F37A86D6776}
		{D977F12E-7E0D-46C8-9F7B-612968C45DE5} = {A3C7BD30-A9EA-42F8-8880-1F37A86D6776}
	EndGlobalSection
	GlobalSection(ExtensibilityGlobals) = postSolution
		SolutionGuid = {CCB31953-96A4-4BE1-A7E3-856BF8C0A466}
	EndGlobalSection
EndGlobal
